
Microsoft Visual Studio Solution File, Format Version 12.00
# Visual Studio Version 17
VisualStudioVersion = 17.0.31903.59
MinimumVisualStudioVersion = 10.0.40219.1
Project("{2150E333-8FDC-42A3-9474-1A3956D46DE8}") = "src", "src", "{827E0CD3-B72D-47B6-A68D-7590B98EB39B}"
EndProject
Project("{FAE04EC0-301F-11D3-BF4B-00C04F79EFBC}") = "CleanCutPDF.Core", "src\CleanCutPDF.Core\CleanCutPDF.Core.csproj", "{219E9344-C494-43A8-AA00-87BE7DDC47FF}"
EndProject
Project("{2150E333-8FDC-42A3-9474-1A3956D46DE8}") = "tests", "tests", "{0AB3BF05-4346-4AA6-1389-037BE0695223}"
EndProject
Project("{FAE04EC0-301F-11D3-BF4B-00C04F79EFBC}") = "CleanCutPDF.Core.Tests", "tests\CleanCutPDF.Core.Tests\CleanCutPDF.Core.Tests.csproj", "{1AE75A6B-9455-4910-A5A9-068F355189C1}"
EndProject
Project("{FAE04EC0-301F-11D3-BF4B-00C04F79EFBC}") = "CleanCutPDF.App", "src\CleanCutPDF.App\CleanCutPDF.App.csproj", "{79C6D25B-CF65-4C9D-8671-C59BF265EDD4}"
EndProject
Global
	GlobalSection(SolutionConfigurationPlatforms) = preSolution
		Debug|Any CPU = Debug|Any CPU
		Debug|x64 = Debug|x64
		Debug|x86 = Debug|x86
		Release|Any CPU = Release|Any CPU
		Release|x64 = Release|x64
		Release|x86 = Release|x86
	EndGlobalSection
	GlobalSection(ProjectConfigurationPlatforms) = postSolution
		{219E9344-C494-43A8-AA00-87BE7DDC47FF}.Debug|Any CPU.ActiveCfg = Debug|Any CPU
		{219E9344-C494-43A8-AA00-87BE7DDC47FF}.Debug|Any CPU.Build.0 = Debug|Any CPU
		{219E9344-C494-43A8-AA00-87BE7DDC47FF}.Debug|x64.ActiveCfg = Debug|Any CPU
		{219E9344-C494-43A8-AA00-87BE7DDC47FF}.Debug|x64.Build.0 = Debug|Any CPU
		{219E9344-C494-43A8-AA00-87BE7DDC47FF}.Debug|x86.ActiveCfg = Debug|Any CPU
		{219E9344-C494-43A8-AA00-87BE7DDC47FF}.Debug|x86.Build.0 = Debug|Any CPU
		{219E9344-C494-43A8-AA00-87BE7DDC47FF}.Release|Any CPU.ActiveCfg = Release|Any CPU
		{219E9344-C494-43A8-AA00-87BE7DDC47FF}.Release|Any CPU.Build.0 = Release|Any CPU
		{219E9344-C494-43A8-AA00-87BE7DDC47FF}.Release|x64.ActiveCfg = Release|Any CPU
		{219E9344-C494-43A8-AA00-87BE7DDC47FF}.Release|x64.Build.0 = Release|Any CPU
		{219E9344-C494-43A8-AA00-87BE7DDC47FF}.Release|x86.ActiveCfg = Release|Any CPU
		{219E9344-C494-43A8-AA00-87BE7DDC47FF}.Release|x86.Build.0 = Release|Any CPU
		{1AE75A6B-9455-4910-A5A9-068F355189C1}.Debug|Any CPU.ActiveCfg = Debug|Any CPU
		{1AE75A6B-9455-4910-A5A9-068F355189C1}.Debug|Any CPU.Build.0 = Debug|Any CPU
		{1AE75A6B-9455-4910-A5A9-068F355189C1}.Debug|x64.ActiveCfg = Debug|Any CPU
		{1AE75A6B-9455-4910-A5A9-068F355189C1}.Debug|x64.Build.0 = Debug|Any CPU
		{1AE75A6B-9455-4910-A5A9-068F355189C1}.Debug|x86.ActiveCfg = Debug|Any CPU
		{1AE75A6B-9455-4910-A5A9-068F355189C1}.Debug|x86.Build.0 = Debug|Any CPU
		{1AE75A6B-9455-4910-A5A9-068F355189C1}.Release|Any CPU.ActiveCfg = Release|Any CPU
		{1AE75A6B-9455-4910-A5A9-068F355189C1}.Release|Any CPU.Build.0 = Release|Any CPU
		{1AE75A6B-9455-4910-A5A9-068F355189C1}.Release|x64.ActiveCfg = Release|Any CPU
		{1AE75A6B-9455-4910-A5A9-068F355189C1}.Release|x64.Build.0 = Release|Any CPU
		{1AE75A6B-9455-4910-A5A9-068F355189C1}.Release|x86.ActiveCfg = Release|Any CPU
		{1AE75A6B-9455-4910-A5A9-068F355189C1}.Release|x86.Build.0 = Release|Any CPU
		{79C6D25B-CF65-4C9D-8671-C59BF265EDD4}.Debug|Any CPU.ActiveCfg = Debug|Any CPU
		{79C6D25B-CF65-4C9D-8671-C59BF265EDD4}.Debug|Any CPU.Build.0 = Debug|Any CPU
		{79C6D25B-CF65-4C9D-8671-C59BF265EDD4}.Debug|x64.ActiveCfg = Debug|Any CPU
		{79C6D25B-CF65-4C9D-8671-C59BF265EDD4}.Debug|x64.Build.0 = Debug|Any CPU
		{79C6D25B-CF65-4C9D-8671-C59BF265EDD4}.Debug|x86.ActiveCfg = Debug|Any CPU
		{79C6D25B-CF65-4C9D-8671-C59BF265EDD4}.Debug|x86.Build.0 = Debug|Any CPU
		{79C6D25B-CF65-4C9D-8671-C59BF265EDD4}.Release|Any CPU.ActiveCfg = Release|Any CPU
		{79C6D25B-CF65-4C9D-8671-C59BF265EDD4}.Release|Any CPU.Build.0 = Release|Any CPU
		{79C6D25B-CF65-4C9D-8671-C59BF265EDD4}.Release|x64.ActiveCfg = Release|Any CPU
		{79C6D25B-CF65-4C9D-8671-C59BF265EDD4}.Release|x64.Build.0 = Release|Any CPU
		{79C6D25B-CF65-4C9D-8671-C59BF265EDD4}.Release|x86.ActiveCfg = Release|Any CPU
		{79C6D25B-CF65-4C9D-8671-C59BF265EDD4}.Release|x86.Build.0 = Release|Any CPU
	EndGlobalSection
	GlobalSection(SolutionProperties) = preSolution
		HideSolutionNode = FALSE
	EndGlobalSection
	GlobalSection(NestedProjects) = preSolution
		{219E9344-C494-43A8-AA00-87BE7DDC47FF} = {827E0CD3-B72D-47B6-A68D-7590B98EB39B}
		{1AE75A6B-9455-4910-A5A9-068F355189C1} = {0AB3BF05-4346-4AA6-1389-037BE0695223}
		{79C6D25B-CF65-4C9D-8671-C59BF265EDD4} = {827E0CD3-B72D-47B6-A68D-7590B98EB39B}
	EndGlobalSection
EndGlobal
